
Microsoft Visual Studio Solution File, Format Version 12.00
# Visual Studio Version 17
VisualStudioVersion = 17.8.34525.116
MinimumVisualStudioVersion = 10.0.40219.1
Project("{FAE04EC0-301F-11D3-BF4B-00C04F79EFBC}") = "SWCCGO.Models", "SWCCGO.Models\SWCCGO.Models.csproj", "{34205069-B1FF-4DDB-8A32-C7CEB9EB7BCF}"
EndProject
Project("{FAE04EC0-301F-11D3-BF4B-00C04F79EFBC}") = "SWCCGO.Api", "SWCCGO.Api\SWCCGO.Api.csproj", "{1F876049-2489-4E3B-8285-4AB34E126127}"
EndProject
Global
	GlobalSection(SolutionConfigurationPlatforms) = preSolution
		Debug|Any CPU = Debug|Any CPU
		Release|Any CPU = Release|Any CPU
	EndGlobalSection
	GlobalSection(ProjectConfigurationPlatforms) = postSolution
		{34205069-B1FF-4DDB-8A32-C7CEB9EB7BCF}.Debug|Any CPU.ActiveCfg = Debug|Any CPU
		{34205069-B1FF-4DDB-8A32-C7CEB9EB7BCF}.Debug|Any CPU.Build.0 = Debug|Any CPU
		{34205069-B1FF-4DDB-8A32-C7CEB9EB7BCF}.Release|Any CPU.ActiveCfg = Release|Any CPU
		{34205069-B1FF-4DDB-8A32-C7CEB9EB7BCF}.Release|Any CPU.Build.0 = Release|Any CPU
		{1F876049-2489-4E3B-8285-4AB34E126127}.Debug|Any CPU.ActiveCfg = Debug|Any CPU
		{1F876049-2489-4E3B-8285-4AB34E126127}.Debug|Any CPU.Build.0 = Debug|Any CPU
		{1F876049-2489-4E3B-8285-4AB34E126127}.Release|Any CPU.ActiveCfg = Release|Any CPU
		{1F876049-2489-4E3B-8285-4AB34E126127}.Release|Any CPU.Build.0 = Release|Any CPU
	EndGlobalSection
	GlobalSection(SolutionProperties) = preSolution
		HideSolutionNode = FALSE
	EndGlobalSection
	GlobalSection(ExtensibilityGlobals) = postSolution
		SolutionGuid = {0ED3A717-CAA3-443E-A9FE-F72DBF658ECF}
	EndGlobalSection
EndGlobal
